
Microsoft Visual Studio Solution File, Format Version 12.00
# Visual Studio Version 16
VisualStudioVersion = 16.6.30114.105
MinimumVisualStudioVersion = 10.0.40219.1
Project("{FAE04EC0-301F-11D3-BF4B-00C04F79EFBC}") = "MvcSampleWithTest.WebApi", "MvcSampleWithTest.WebApi\MvcSampleWithTest.WebApi.csproj", "{A3DD279D-5AC0-474B-AF59-AE04B93E0F5F}"
EndProject
Project("{FAE04EC0-301F-11D3-BF4B-00C04F79EFBC}") = "MvcSampleWithTest.IntegrationTests", "MvcSampleWithTest.IntegrationTests\MvcSampleWithTest.IntegrationTests.csproj", "{17E4FB9C-3953-46B9-ACA3-15B367E0E2E9}"
EndProject
Project("{FAE04EC0-301F-11D3-BF4B-00C04F79EFBC}") = "MvcSampleWithTest.Application", "MvcSampleWithTest.Application\MvcSampleWithTest.Application.csproj", "{C5D03E0D-43BB-48C9-80A7-5CC70D3528EE}"
EndProject
Project("{FAE04EC0-301F-11D3-BF4B-00C04F79EFBC}") = "MvcSampleWithTest.Integration", "MvcSampleWithTest.Integration\MvcSampleWithTest.Integration.csproj", "{29050342-A260-48D6-A54A-46E80B834125}"
EndProject
Project("{FAE04EC0-301F-11D3-BF4B-00C04F79EFBC}") = "MvcSampleWithTest.UnitTests", "MvcSampleWithTest.UnitTests\MvcSampleWithTest.UnitTests.csproj", "{1D7F8ED7-1156-4DCA-949F-284FE5CEFC8B}"
EndProject
Project("{FAE04EC0-301F-11D3-BF4B-00C04F79EFBC}") = "MvcSampleWithTest.AutomatedUiTests", "MvcSampleWithTest.AutomatedUiTests\MvcSampleWithTest.AutomatedUiTests.csproj", "{C2F8F4C9-7728-4145-92A1-15FDD11C4315}"
EndProject
Global
	GlobalSection(SolutionConfigurationPlatforms) = preSolution
		Debug|Any CPU = Debug|Any CPU
		Debug|x64 = Debug|x64
		Debug|x86 = Debug|x86
		Release|Any CPU = Release|Any CPU
		Release|x64 = Release|x64
		Release|x86 = Release|x86
	EndGlobalSection
	GlobalSection(SolutionProperties) = preSolution
		HideSolutionNode = FALSE
	EndGlobalSection
	GlobalSection(ProjectConfigurationPlatforms) = postSolution
		{A3DD279D-5AC0-474B-AF59-AE04B93E0F5F}.Debug|Any CPU.ActiveCfg = Debug|Any CPU
		{A3DD279D-5AC0-474B-AF59-AE04B93E0F5F}.Debug|Any CPU.Build.0 = Debug|Any CPU
		{A3DD279D-5AC0-474B-AF59-AE04B93E0F5F}.Debug|x64.ActiveCfg = Debug|Any CPU
		{A3DD279D-5AC0-474B-AF59-AE04B93E0F5F}.Debug|x64.Build.0 = Debug|Any CPU
		{A3DD279D-5AC0-474B-AF59-AE04B93E0F5F}.Debug|x86.ActiveCfg = Debug|Any CPU
		{A3DD279D-5AC0-474B-AF59-AE04B93E0F5F}.Debug|x86.Build.0 = Debug|Any CPU
		{A3DD279D-5AC0-474B-AF59-AE04B93E0F5F}.Release|Any CPU.ActiveCfg = Release|Any CPU
		{A3DD279D-5AC0-474B-AF59-AE04B93E0F5F}.Release|Any CPU.Build.0 = Release|Any CPU
		{A3DD279D-5AC0-474B-AF59-AE04B93E0F5F}.Release|x64.ActiveCfg = Release|Any CPU
		{A3DD279D-5AC0-474B-AF59-AE04B93E0F5F}.Release|x64.Build.0 = Release|Any CPU
		{A3DD279D-5AC0-474B-AF59-AE04B93E0F5F}.Release|x86.ActiveCfg = Release|Any CPU
		{A3DD279D-5AC0-474B-AF59-AE04B93E0F5F}.Release|x86.Build.0 = Release|Any CPU
		{17E4FB9C-3953-46B9-ACA3-15B367E0E2E9}.Debug|Any CPU.ActiveCfg = Debug|Any CPU
		{17E4FB9C-3953-46B9-ACA3-15B367E0E2E9}.Debug|Any CPU.Build.0 = Debug|Any CPU
		{17E4FB9C-3953-46B9-ACA3-15B367E0E2E9}.Debug|x64.ActiveCfg = Debug|Any CPU
		{17E4FB9C-3953-46B9-ACA3-15B367E0E2E9}.Debug|x64.Build.0 = Debug|Any CPU
		{17E4FB9C-3953-46B9-ACA3-15B367E0E2E9}.Debug|x86.ActiveCfg = Debug|Any CPU
		{17E4FB9C-3953-46B9-ACA3-15B367E0E2E9}.Debug|x86.Build.0 = Debug|Any CPU
		{17E4FB9C-3953-46B9-ACA3-15B367E0E2E9}.Release|Any CPU.ActiveCfg = Release|Any CPU
		{17E4FB9C-3953-46B9-ACA3-15B367E0E2E9}.Release|Any CPU.Build.0 = Release|Any CPU
		{17E4FB9C-3953-46B9-ACA3-15B367E0E2E9}.Release|x64.ActiveCfg = Release|Any CPU
		{17E4FB9C-3953-46B9-ACA3-15B367E0E2E9}.Release|x64.Build.0 = Release|Any CPU
		{17E4FB9C-3953-46B9-ACA3-15B367E0E2E9}.Release|x86.ActiveCfg = Release|Any CPU
		{17E4FB9C-3953-46B9-ACA3-15B367E0E2E9}.Release|x86.Build.0 = Release|Any CPU
		{C5D03E0D-43BB-48C9-80A7-5CC70D3528EE}.Debug|Any CPU.ActiveCfg = Debug|Any CPU
		{C5D03E0D-43BB-48C9-80A7-5CC70D3528EE}.Debug|Any CPU.Build.0 = Debug|Any CPU
		{C5D03E0D-43BB-48C9-80A7-5CC70D3528EE}.Debug|x64.ActiveCfg = Debug|Any CPU
		{C5D03E0D-43BB-48C9-80A7-5CC70D3528EE}.Debug|x64.Build.0 = Debug|Any CPU
		{C5D03E0D-43BB-48C9-80A7-5CC70D3528EE}.Debug|x86.ActiveCfg = Debug|Any CPU
		{C5D03E0D-43BB-48C9-80A7-5CC70D3528EE}.Debug|x86.Build.0 = Debug|Any CPU
		{C5D03E0D-43BB-48C9-80A7-5CC70D3528EE}.Release|Any CPU.ActiveCfg = Release|Any CPU
		{C5D03E0D-43BB-48C9-80A7-5CC70D3528EE}.Release|Any CPU.Build.0 = Release|Any CPU
		{C5D03E0D-43BB-48C9-80A7-5CC70D3528EE}.Release|x64.ActiveCfg = Release|Any CPU
		{C5D03E0D-43BB-48C9-80A7-5CC70D3528EE}.Release|x64.Build.0 = Release|Any CPU
		{C5D03E0D-43BB-48C9-80A7-5CC70D3528EE}.Release|x86.ActiveCfg = Release|Any CPU
		{C5D03E0D-43BB-48C9-80A7-5CC70D3528EE}.Release|x86.Build.0 = Release|Any CPU
		{29050342-A260-48D6-A54A-46E80B834125}.Debug|Any CPU.ActiveCfg = Debug|Any CPU
		{29050342-A260-48D6-A54A-46E80B834125}.Debug|Any CPU.Build.0 = Debug|Any CPU
		{29050342-A260-48D6-A54A-46E80B834125}.Debug|x64.ActiveCfg = Debug|Any CPU
		{29050342-A260-48D6-A54A-46E80B834125}.Debug|x64.Build.0 = Debug|Any CPU
		{29050342-A260-48D6-A54A-46E80B834125}.Debug|x86.ActiveCfg = Debug|Any CPU
		{29050342-A260-48D6-A54A-46E80B834125}.Debug|x86.Build.0 = Debug|Any CPU
		{29050342-A260-48D6-A54A-46E80B834125}.Release|Any CPU.ActiveCfg = Release|Any CPU
		{29050342-A260-48D6-A54A-46E80B834125}.Release|Any CPU.Build.0 = Release|Any CPU
		{29050342-A260-48D6-A54A-46E80B834125}.Release|x64.ActiveCfg = Release|Any CPU
		{29050342-A260-48D6-A54A-46E80B834125}.Release|x64.Build.0 = Release|Any CPU
		{29050342-A260-48D6-A54A-46E80B834125}.Release|x86.ActiveCfg = Release|Any CPU
		{29050342-A260-48D6-A54A-46E80B834125}.Release|x86.Build.0 = Release|Any CPU
		{1D7F8ED7-1156-4DCA-949F-284FE5CEFC8B}.Debug|Any CPU.ActiveCfg = Debug|Any CPU
		{1D7F8ED7-1156-4DCA-949F-284FE5CEFC8B}.Debug|Any CPU.Build.0 = Debug|Any CPU
		{1D7F8ED7-1156-4DCA-949F-284FE5CEFC8B}.Debug|x64.ActiveCfg = Debug|Any CPU
		{1D7F8ED7-1156-4DCA-949F-284FE5CEFC8B}.Debug|x64.Build.0 = Debug|Any CPU
		{1D7F8ED7-1156-4DCA-949F-284FE5CEFC8B}.Debug|x86.ActiveCfg = Debug|Any CPU
		{1D7F8ED7-1156-4DCA-949F-284FE5CEFC8B}.Debug|x86.Build.0 = Debug|Any CPU
		{1D7F8ED7-1156-4DCA-949F-284FE5CEFC8B}.Release|Any CPU.ActiveCfg = Release|Any CPU
		{1D7F8ED7-1156-4DCA-949F-284FE5CEFC8B}.Release|Any CPU.Build.0 = Release|Any CPU
		{1D7F8ED7-1156-4DCA-949F-284FE5CEFC8B}.Release|x64.ActiveCfg = Release|Any CPU
		{1D7F8ED7-1156-4DCA-949F-284FE5CEFC8B}.Release|x64.Build.0 = Release|Any CPU
		{1D7F8ED7-1156-4DCA-949F-284FE5CEFC8B}.Release|x86.ActiveCfg = Release|Any CPU
		{1D7F8ED7-1156-4DCA-949F-284FE5CEFC8B}.Release|x86.Build.0 = Release|Any CPU
		{C2F8F4C9-7728-4145-92A1-15FDD11C4315}.Debug|Any CPU.ActiveCfg = Debug|Any CPU
		{C2F8F4C9-7728-4145-92A1-15FDD11C4315}.Debug|Any CPU.Build.0 = Debug|Any CPU
		{C2F8F4C9-7728-4145-92A1-15FDD11C4315}.Debug|x64.ActiveCfg = Debug|Any CPU
		{C2F8F4C9-7728-4145-92A1-15FDD11C4315}.Debug|x64.Build.0 = Debug|Any CPU
		{C2F8F4C9-7728-4145-92A1-15FDD11C4315}.Debug|x86.ActiveCfg = Debug|Any CPU
		{C2F8F4C9-7728-4145-92A1-15FDD11C4315}.Debug|x86.Build.0 = Debug|Any CPU
		{C2F8F4C9-7728-4145-92A1-15FDD11C4315}.Release|Any CPU.ActiveCfg = Release|Any CPU
		{C2F8F4C9-7728-4145-92A1-15FDD11C4315}.Release|Any CPU.Build.0 = Release|Any CPU
		{C2F8F4C9-7728-4145-92A1-15FDD11C4315}.Release|x64.ActiveCfg = Release|Any CPU
		{C2F8F4C9-7728-4145-92A1-15FDD11C4315}.Release|x64.Build.0 = Release|Any CPU
		{C2F8F4C9-7728-4145-92A1-15FDD11C4315}.Release|x86.ActiveCfg = Release|Any CPU
		{C2F8F4C9-7728-4145-92A1-15FDD11C4315}.Release|x86.Build.0 = Release|Any CPU
	EndGlobalSection
EndGlobal
